
Microsoft Visual Studio Solution File, Format Version 12.00
# Visual Studio Version 16
VisualStudioVersion = 16.0.30907.101
MinimumVisualStudioVersion = 10.0.40219.1
Project("{FAE04EC0-301F-11D3-BF4B-00C04F79EFBC}") = "GameStoreAPI", "GameStoreAPI\GameStoreAPI.csproj", "{D7BD5EE8-A250-4C23-AC76-EBD9B25D737E}"
EndProject
Global
	GlobalSection(SolutionConfigurationPlatforms) = preSolution
		Debug|Any CPU = Debug|Any CPU
		Release|Any CPU = Release|Any CPU
	EndGlobalSection
	GlobalSection(ProjectConfigurationPlatforms) = postSolution
		{D7BD5EE8-A250-4C23-AC76-EBD9B25D737E}.Debug|Any CPU.ActiveCfg = Debug|Any CPU
		{D7BD5EE8-A250-4C23-AC76-EBD9B25D737E}.Debug|Any CPU.Build.0 = Debug|Any CPU
		{D7BD5EE8-A250-4C23-AC76-EBD9B25D737E}.Release|Any CPU.ActiveCfg = Release|Any CPU
		{D7BD5EE8-A250-4C23-AC76-EBD9B25D737E}.Release|Any CPU.Build.0 = Release|Any CPU
	EndGlobalSection
	GlobalSection(SolutionProperties) = preSolution
		HideSolutionNode = FALSE
	EndGlobalSection
	GlobalSection(ExtensibilityGlobals) = postSolution
		SolutionGuid = {20F9531E-F399-4388-8519-A860DBB8E859}
	EndGlobalSection
EndGlobal
